<Solution>
  <Folder Name="/src/">
    <Project Path="Stanmore.API/Stanmore.API.csproj" />
    <Project Path="Stanmore.Consumer/Stanmore.Consumer.csproj" />
    <Project Path="Stanmore.Repository/Stanmore.Repository.csproj" Id="d42d006e-592c-4aa7-8866-0f0b86f793da" />
  </Folder>
  <Folder Name="/test/">
    <Project Path="Stanmore.Consumer.UnitTests/Stanmore.Consumer.UnitTests.csproj" Id="da92ba4a-4949-408b-915e-f558d3d37eee" />
  </Folder>
</Solution>
